
Microsoft Visual Studio Solution File, Format Version 12.00
# Visual Studio 15
VisualStudioVersion = 15.0.28307.421
MinimumVisualStudioVersion = 10.0.40219.1
Project("{FAE04EC0-301F-11D3-BF4B-00C04F79EFBC}") = "DemoApp_EF", "DemoApp_EF\DemoApp_EF.csproj", "{F4E66678-EE70-4152-B7F2-5C844DA29395}"
EndProject
Global
	GlobalSection(SolutionConfigurationPlatforms) = preSolution
		Debug|Any CPU = Debug|Any CPU
		Release|Any CPU = Release|Any CPU
	EndGlobalSection
	GlobalSection(ProjectConfigurationPlatforms) = postSolution
		{F4E66678-EE70-4152-B7F2-5C844DA29395}.Debug|Any CPU.ActiveCfg = Debug|Any CPU
		{F4E66678-EE70-4152-B7F2-5C844DA29395}.Debug|Any CPU.Build.0 = Debug|Any CPU
		{F4E66678-EE70-4152-B7F2-5C844DA29395}.Release|Any CPU.ActiveCfg = Release|Any CPU
		{F4E66678-EE70-4152-B7F2-5C844DA29395}.Release|Any CPU.Build.0 = Release|Any CPU
	EndGlobalSection
	GlobalSection(SolutionProperties) = preSolution
		HideSolutionNode = FALSE
	EndGlobalSection
	GlobalSection(ExtensibilityGlobals) = postSolution
		SolutionGuid = {81EF8766-A25F-4C16-8E53-F68136270965}
	EndGlobalSection
EndGlobal
