
Microsoft Visual Studio Solution File, Format Version 12.00
# Visual Studio 15
VisualStudioVersion = 15.0.28307.438
MinimumVisualStudioVersion = 10.0.40219.1
Project("{9A19103F-16F7-4668-BE54-9A1E7A4F7556}") = "WebApplication_DemoApp19", "WebApplication_DemoApp19\WebApplication_DemoApp19.csproj", "{71BC7AC6-B699-46F8-B4B1-C02E75B0BD8A}"
EndProject
Project("{FAE04EC0-301F-11D3-BF4B-00C04F79EFBC}") = "WebApplication_DemoApp19.City.Core", "CityStorage.Core\WebApplication_DemoApp19.City.Core.csproj", "{D2C53B3E-2566-4AA4-A4D6-345E983604DE}"
EndProject
Project("{FAE04EC0-301F-11D3-BF4B-00C04F79EFBC}") = "WebApplication_DemoApp19.City.InMemory", "WebApplication_DemoApp19.City.InMemory\WebApplication_DemoApp19.City.InMemory.csproj", "{E678D37C-7F31-407A-8263-29B3B062ADC4}"
EndProject
Global
	GlobalSection(SolutionConfigurationPlatforms) = preSolution
		Debug|Any CPU = Debug|Any CPU
		Release|Any CPU = Release|Any CPU
	EndGlobalSection
	GlobalSection(ProjectConfigurationPlatforms) = postSolution
		{71BC7AC6-B699-46F8-B4B1-C02E75B0BD8A}.Debug|Any CPU.ActiveCfg = Debug|Any CPU
		{71BC7AC6-B699-46F8-B4B1-C02E75B0BD8A}.Debug|Any CPU.Build.0 = Debug|Any CPU
		{71BC7AC6-B699-46F8-B4B1-C02E75B0BD8A}.Release|Any CPU.ActiveCfg = Release|Any CPU
		{71BC7AC6-B699-46F8-B4B1-C02E75B0BD8A}.Release|Any CPU.Build.0 = Release|Any CPU
		{D2C53B3E-2566-4AA4-A4D6-345E983604DE}.Debug|Any CPU.ActiveCfg = Debug|Any CPU
		{D2C53B3E-2566-4AA4-A4D6-345E983604DE}.Debug|Any CPU.Build.0 = Debug|Any CPU
		{D2C53B3E-2566-4AA4-A4D6-345E983604DE}.Release|Any CPU.ActiveCfg = Release|Any CPU
		{D2C53B3E-2566-4AA4-A4D6-345E983604DE}.Release|Any CPU.Build.0 = Release|Any CPU
		{E678D37C-7F31-407A-8263-29B3B062ADC4}.Debug|Any CPU.ActiveCfg = Debug|Any CPU
		{E678D37C-7F31-407A-8263-29B3B062ADC4}.Debug|Any CPU.Build.0 = Debug|Any CPU
		{E678D37C-7F31-407A-8263-29B3B062ADC4}.Release|Any CPU.ActiveCfg = Release|Any CPU
		{E678D37C-7F31-407A-8263-29B3B062ADC4}.Release|Any CPU.Build.0 = Release|Any CPU
	EndGlobalSection
	GlobalSection(SolutionProperties) = preSolution
		HideSolutionNode = FALSE
	EndGlobalSection
	GlobalSection(ExtensibilityGlobals) = postSolution
		SolutionGuid = {9D3D9982-5E47-4973-813A-7FEE159D4415}
	EndGlobalSection
EndGlobal
