
Microsoft Visual Studio Solution File, Format Version 12.00
# Visual Studio 15
VisualStudioVersion = 15.0.28307.421
MinimumVisualStudioVersion = 10.0.40219.1
Project("{FAE04EC0-301F-11D3-BF4B-00C04F79EFBC}") = "DemoApp13", "DemoApp13\DemoApp13.csproj", "{032DE12E-09C8-4272-B5BA-D1C505239CE5}"
EndProject
Global
	GlobalSection(SolutionConfigurationPlatforms) = preSolution
		Debug|Any CPU = Debug|Any CPU
		Release|Any CPU = Release|Any CPU
	EndGlobalSection
	GlobalSection(ProjectConfigurationPlatforms) = postSolution
		{032DE12E-09C8-4272-B5BA-D1C505239CE5}.Debug|Any CPU.ActiveCfg = Debug|Any CPU
		{032DE12E-09C8-4272-B5BA-D1C505239CE5}.Debug|Any CPU.Build.0 = Debug|Any CPU
		{032DE12E-09C8-4272-B5BA-D1C505239CE5}.Release|Any CPU.ActiveCfg = Release|Any CPU
		{032DE12E-09C8-4272-B5BA-D1C505239CE5}.Release|Any CPU.Build.0 = Release|Any CPU
	EndGlobalSection
	GlobalSection(SolutionProperties) = preSolution
		HideSolutionNode = FALSE
	EndGlobalSection
	GlobalSection(ExtensibilityGlobals) = postSolution
		SolutionGuid = {9534888D-A7FC-4958-9DE4-82093CFFCBB6}
	EndGlobalSection
EndGlobal
