
Microsoft Visual Studio Solution File, Format Version 12.00
# Visual Studio 15
VisualStudioVersion = 15.0.28307.438
MinimumVisualStudioVersion = 10.0.40219.1
Project("{FAE04EC0-301F-11D3-BF4B-00C04F79EFBC}") = "TaksHW3_NewVersion", "TaksHW3_NewVersion\TaksHW3_NewVersion.csproj", "{80E5C0EC-0360-4F8E-B9A3-2D10D404A87A}"
EndProject
Global
	GlobalSection(SolutionConfigurationPlatforms) = preSolution
		Debug|Any CPU = Debug|Any CPU
		Release|Any CPU = Release|Any CPU
	EndGlobalSection
	GlobalSection(ProjectConfigurationPlatforms) = postSolution
		{80E5C0EC-0360-4F8E-B9A3-2D10D404A87A}.Debug|Any CPU.ActiveCfg = Debug|Any CPU
		{80E5C0EC-0360-4F8E-B9A3-2D10D404A87A}.Debug|Any CPU.Build.0 = Debug|Any CPU
		{80E5C0EC-0360-4F8E-B9A3-2D10D404A87A}.Release|Any CPU.ActiveCfg = Release|Any CPU
		{80E5C0EC-0360-4F8E-B9A3-2D10D404A87A}.Release|Any CPU.Build.0 = Release|Any CPU
	EndGlobalSection
	GlobalSection(SolutionProperties) = preSolution
		HideSolutionNode = FALSE
	EndGlobalSection
	GlobalSection(ExtensibilityGlobals) = postSolution
		SolutionGuid = {D34D0A9E-B2CD-434F-8E31-A35E03C8E49A}
	EndGlobalSection
EndGlobal
