
Microsoft Visual Studio Solution File, Format Version 12.00
# Visual Studio 15
VisualStudioVersion = 15.0.28307.421
MinimumVisualStudioVersion = 10.0.40219.1
Project("{FAE04EC0-301F-11D3-BF4B-00C04F79EFBC}") = "DemoApp6", "DemoApp6\DemoApp6.csproj", "{503F095D-2D02-42BC-81FB-031889C1533E}"
EndProject
Global
	GlobalSection(SolutionConfigurationPlatforms) = preSolution
		Debug|Any CPU = Debug|Any CPU
		Release|Any CPU = Release|Any CPU
	EndGlobalSection
	GlobalSection(ProjectConfigurationPlatforms) = postSolution
		{503F095D-2D02-42BC-81FB-031889C1533E}.Debug|Any CPU.ActiveCfg = Debug|Any CPU
		{503F095D-2D02-42BC-81FB-031889C1533E}.Debug|Any CPU.Build.0 = Debug|Any CPU
		{503F095D-2D02-42BC-81FB-031889C1533E}.Release|Any CPU.ActiveCfg = Release|Any CPU
		{503F095D-2D02-42BC-81FB-031889C1533E}.Release|Any CPU.Build.0 = Release|Any CPU
	EndGlobalSection
	GlobalSection(SolutionProperties) = preSolution
		HideSolutionNode = FALSE
	EndGlobalSection
	GlobalSection(ExtensibilityGlobals) = postSolution
		SolutionGuid = {81F9AEC0-29CF-4B9F-9822-A12D85D22321}
	EndGlobalSection
EndGlobal
