
Microsoft Visual Studio Solution File, Format Version 12.00
# Visual Studio 15
VisualStudioVersion = 15.0.28307.421
MinimumVisualStudioVersion = 10.0.40219.1
Project("{FAE04EC0-301F-11D3-BF4B-00C04F79EFBC}") = "DemoApp17", "DemoApp17\DemoApp17.csproj", "{BC6E5313-3C8C-4FA0-A4D7-0CB5CDB77842}"
EndProject
Project("{FAE04EC0-301F-11D3-BF4B-00C04F79EFBC}") = "DemoApp17(2)", "DemoApp17(2)\DemoApp17(2).csproj", "{A182EEBF-6077-4431-B47C-BC68D97567D3}"
EndProject
Global
	GlobalSection(SolutionConfigurationPlatforms) = preSolution
		Debug|Any CPU = Debug|Any CPU
		Release|Any CPU = Release|Any CPU
	EndGlobalSection
	GlobalSection(ProjectConfigurationPlatforms) = postSolution
		{BC6E5313-3C8C-4FA0-A4D7-0CB5CDB77842}.Debug|Any CPU.ActiveCfg = Debug|Any CPU
		{BC6E5313-3C8C-4FA0-A4D7-0CB5CDB77842}.Debug|Any CPU.Build.0 = Debug|Any CPU
		{BC6E5313-3C8C-4FA0-A4D7-0CB5CDB77842}.Release|Any CPU.ActiveCfg = Release|Any CPU
		{BC6E5313-3C8C-4FA0-A4D7-0CB5CDB77842}.Release|Any CPU.Build.0 = Release|Any CPU
		{A182EEBF-6077-4431-B47C-BC68D97567D3}.Debug|Any CPU.ActiveCfg = Debug|Any CPU
		{A182EEBF-6077-4431-B47C-BC68D97567D3}.Debug|Any CPU.Build.0 = Debug|Any CPU
		{A182EEBF-6077-4431-B47C-BC68D97567D3}.Release|Any CPU.ActiveCfg = Release|Any CPU
		{A182EEBF-6077-4431-B47C-BC68D97567D3}.Release|Any CPU.Build.0 = Release|Any CPU
	EndGlobalSection
	GlobalSection(SolutionProperties) = preSolution
		HideSolutionNode = FALSE
	EndGlobalSection
	GlobalSection(ExtensibilityGlobals) = postSolution
		SolutionGuid = {5704FD26-B333-4438-BCA1-17223C1BFE5C}
	EndGlobalSection
EndGlobal
