
Microsoft Visual Studio Solution File, Format Version 12.00
# Visual Studio 15
VisualStudioVersion = 15.0.28307.421
MinimumVisualStudioVersion = 10.0.40219.1
Project("{9A19103F-16F7-4668-BE54-9A1E7A4F7556}") = "Reminder.Storage.Core", "Reminder.Storage.Core\Reminder.Storage.Core.csproj", "{4813BFBD-7FBF-4BC2-A74A-3A248DA62C55}"
EndProject
Project("{9A19103F-16F7-4668-BE54-9A1E7A4F7556}") = "Reminder.Storage.InMemory", "Remider.Storage.InMemory\Reminder.Storage.InMemory.csproj", "{6E5004CC-596E-4856-8F88-21A7E8CAD1F7}"
EndProject
Project("{9A19103F-16F7-4668-BE54-9A1E7A4F7556}") = "Reminder.Storage.Core.Tests", "Reminder.Storage.Core.Tests\Reminder.Storage.Core.Tests.csproj", "{6613D367-3BF9-4E00-AD80-B2395FAE5691}"
EndProject
Project("{FAE04EC0-301F-11D3-BF4B-00C04F79EFBC}") = "Remider.Storage.InMemory.Tests", "TestReminderItemStorage\Remider.Storage.InMemory.Tests.csproj", "{1295661C-E297-438E-AD7E-AD0BAB930DB4}"
EndProject
Global
	GlobalSection(SolutionConfigurationPlatforms) = preSolution
		Debug|Any CPU = Debug|Any CPU
		Release|Any CPU = Release|Any CPU
	EndGlobalSection
	GlobalSection(ProjectConfigurationPlatforms) = postSolution
		{4813BFBD-7FBF-4BC2-A74A-3A248DA62C55}.Debug|Any CPU.ActiveCfg = Debug|Any CPU
		{4813BFBD-7FBF-4BC2-A74A-3A248DA62C55}.Debug|Any CPU.Build.0 = Debug|Any CPU
		{4813BFBD-7FBF-4BC2-A74A-3A248DA62C55}.Release|Any CPU.ActiveCfg = Release|Any CPU
		{4813BFBD-7FBF-4BC2-A74A-3A248DA62C55}.Release|Any CPU.Build.0 = Release|Any CPU
		{6E5004CC-596E-4856-8F88-21A7E8CAD1F7}.Debug|Any CPU.ActiveCfg = Debug|Any CPU
		{6E5004CC-596E-4856-8F88-21A7E8CAD1F7}.Debug|Any CPU.Build.0 = Debug|Any CPU
		{6E5004CC-596E-4856-8F88-21A7E8CAD1F7}.Release|Any CPU.ActiveCfg = Release|Any CPU
		{6E5004CC-596E-4856-8F88-21A7E8CAD1F7}.Release|Any CPU.Build.0 = Release|Any CPU
		{6613D367-3BF9-4E00-AD80-B2395FAE5691}.Debug|Any CPU.ActiveCfg = Debug|Any CPU
		{6613D367-3BF9-4E00-AD80-B2395FAE5691}.Debug|Any CPU.Build.0 = Debug|Any CPU
		{6613D367-3BF9-4E00-AD80-B2395FAE5691}.Release|Any CPU.ActiveCfg = Release|Any CPU
		{6613D367-3BF9-4E00-AD80-B2395FAE5691}.Release|Any CPU.Build.0 = Release|Any CPU
		{1295661C-E297-438E-AD7E-AD0BAB930DB4}.Debug|Any CPU.ActiveCfg = Debug|Any CPU
		{1295661C-E297-438E-AD7E-AD0BAB930DB4}.Debug|Any CPU.Build.0 = Debug|Any CPU
		{1295661C-E297-438E-AD7E-AD0BAB930DB4}.Release|Any CPU.ActiveCfg = Release|Any CPU
		{1295661C-E297-438E-AD7E-AD0BAB930DB4}.Release|Any CPU.Build.0 = Release|Any CPU
	EndGlobalSection
	GlobalSection(SolutionProperties) = preSolution
		HideSolutionNode = FALSE
	EndGlobalSection
	GlobalSection(ExtensibilityGlobals) = postSolution
		SolutionGuid = {17B169F2-3B52-4F66-AF09-28FFC76841DA}
	EndGlobalSection
EndGlobal
