
Microsoft Visual Studio Solution File, Format Version 12.00
# Visual Studio 15
VisualStudioVersion = 15.0.28307.421
MinimumVisualStudioVersion = 10.0.40219.1
Project("{FAE04EC0-301F-11D3-BF4B-00C04F79EFBC}") = "DemoApp3", "DemoApp3\DemoApp3.csproj", "{869C5023-874E-4D5E-9D1A-148D4F20FBB9}"
EndProject
Global
	GlobalSection(SolutionConfigurationPlatforms) = preSolution
		Debug|Any CPU = Debug|Any CPU
		Release|Any CPU = Release|Any CPU
	EndGlobalSection
	GlobalSection(ProjectConfigurationPlatforms) = postSolution
		{869C5023-874E-4D5E-9D1A-148D4F20FBB9}.Debug|Any CPU.ActiveCfg = Debug|Any CPU
		{869C5023-874E-4D5E-9D1A-148D4F20FBB9}.Debug|Any CPU.Build.0 = Debug|Any CPU
		{869C5023-874E-4D5E-9D1A-148D4F20FBB9}.Release|Any CPU.ActiveCfg = Release|Any CPU
		{869C5023-874E-4D5E-9D1A-148D4F20FBB9}.Release|Any CPU.Build.0 = Release|Any CPU
	EndGlobalSection
	GlobalSection(SolutionProperties) = preSolution
		HideSolutionNode = FALSE
	EndGlobalSection
	GlobalSection(ExtensibilityGlobals) = postSolution
		SolutionGuid = {9D5B3C48-C739-46C2-8F91-FE30BA88897B}
	EndGlobalSection
EndGlobal
