
Microsoft Visual Studio Solution File, Format Version 12.00
# Visual Studio 15
VisualStudioVersion = 15.0.28307.438
MinimumVisualStudioVersion = 10.0.40219.1
Project("{FAE04EC0-301F-11D3-BF4B-00C04F79EFBC}") = "ReminderItemInheritance", "ReminderItemInheritance\ReminderItemInheritance.csproj", "{1740FDC2-A0CB-4D47-814F-65F921E6234F}"
EndProject
Global
	GlobalSection(SolutionConfigurationPlatforms) = preSolution
		Debug|Any CPU = Debug|Any CPU
		Release|Any CPU = Release|Any CPU
	EndGlobalSection
	GlobalSection(ProjectConfigurationPlatforms) = postSolution
		{1740FDC2-A0CB-4D47-814F-65F921E6234F}.Debug|Any CPU.ActiveCfg = Debug|Any CPU
		{1740FDC2-A0CB-4D47-814F-65F921E6234F}.Debug|Any CPU.Build.0 = Debug|Any CPU
		{1740FDC2-A0CB-4D47-814F-65F921E6234F}.Release|Any CPU.ActiveCfg = Release|Any CPU
		{1740FDC2-A0CB-4D47-814F-65F921E6234F}.Release|Any CPU.Build.0 = Release|Any CPU
	EndGlobalSection
	GlobalSection(SolutionProperties) = preSolution
		HideSolutionNode = FALSE
	EndGlobalSection
	GlobalSection(ExtensibilityGlobals) = postSolution
		SolutionGuid = {65045892-805E-406A-84D3-791B335BF57E}
	EndGlobalSection
EndGlobal
