
Microsoft Visual Studio Solution File, Format Version 12.00
# Visual Studio 15
VisualStudioVersion = 15.0.28307.421
MinimumVisualStudioVersion = 10.0.40219.1
Project("{FAE04EC0-301F-11D3-BF4B-00C04F79EFBC}") = "DemoApp11", "DemoApp11\DemoApp11.csproj", "{FD17CE48-57BD-4C23-98E7-C7C6E4524A3B}"
EndProject
Global
	GlobalSection(SolutionConfigurationPlatforms) = preSolution
		Debug|Any CPU = Debug|Any CPU
		Release|Any CPU = Release|Any CPU
	EndGlobalSection
	GlobalSection(ProjectConfigurationPlatforms) = postSolution
		{FD17CE48-57BD-4C23-98E7-C7C6E4524A3B}.Debug|Any CPU.ActiveCfg = Debug|Any CPU
		{FD17CE48-57BD-4C23-98E7-C7C6E4524A3B}.Debug|Any CPU.Build.0 = Debug|Any CPU
		{FD17CE48-57BD-4C23-98E7-C7C6E4524A3B}.Release|Any CPU.ActiveCfg = Release|Any CPU
		{FD17CE48-57BD-4C23-98E7-C7C6E4524A3B}.Release|Any CPU.Build.0 = Release|Any CPU
	EndGlobalSection
	GlobalSection(SolutionProperties) = preSolution
		HideSolutionNode = FALSE
	EndGlobalSection
	GlobalSection(ExtensibilityGlobals) = postSolution
		SolutionGuid = {9D3C555E-4A3B-417C-9EDF-235210BE4692}
	EndGlobalSection
EndGlobal
