
Microsoft Visual Studio Solution File, Format Version 12.00
# Visual Studio 15
VisualStudioVersion = 15.0.28307.438
MinimumVisualStudioVersion = 10.0.40219.1
Project("{9A19103F-16F7-4668-BE54-9A1E7A4F7556}") = "ORM_HomeWork", "ORM_HomeWork\ORM_HomeWork.csproj", "{67E99017-905C-4A02-98A2-B882847F46B8}"
EndProject
Project("{FAE04EC0-301F-11D3-BF4B-00C04F79EFBC}") = "ORM_HomeWork.Domain", "ORM_HomeWork.Domain\ORM_HomeWork.Domain.csproj", "{0FAE6CA5-C29B-40B5-B289-84470E9B56A1}"
EndProject
Project("{FAE04EC0-301F-11D3-BF4B-00C04F79EFBC}") = "ORM_HomeWork.Data", "ORM_HomeWork.Data\ORM_HomeWork.Data.csproj", "{1F184A86-9FCB-4918-8BEA-BF4BC5BC8EF9}"
EndProject
Global
	GlobalSection(SolutionConfigurationPlatforms) = preSolution
		Debug|Any CPU = Debug|Any CPU
		Release|Any CPU = Release|Any CPU
	EndGlobalSection
	GlobalSection(ProjectConfigurationPlatforms) = postSolution
		{67E99017-905C-4A02-98A2-B882847F46B8}.Debug|Any CPU.ActiveCfg = Debug|Any CPU
		{67E99017-905C-4A02-98A2-B882847F46B8}.Debug|Any CPU.Build.0 = Debug|Any CPU
		{67E99017-905C-4A02-98A2-B882847F46B8}.Release|Any CPU.ActiveCfg = Release|Any CPU
		{67E99017-905C-4A02-98A2-B882847F46B8}.Release|Any CPU.Build.0 = Release|Any CPU
		{0FAE6CA5-C29B-40B5-B289-84470E9B56A1}.Debug|Any CPU.ActiveCfg = Debug|Any CPU
		{0FAE6CA5-C29B-40B5-B289-84470E9B56A1}.Debug|Any CPU.Build.0 = Debug|Any CPU
		{0FAE6CA5-C29B-40B5-B289-84470E9B56A1}.Release|Any CPU.ActiveCfg = Release|Any CPU
		{0FAE6CA5-C29B-40B5-B289-84470E9B56A1}.Release|Any CPU.Build.0 = Release|Any CPU
		{1F184A86-9FCB-4918-8BEA-BF4BC5BC8EF9}.Debug|Any CPU.ActiveCfg = Debug|Any CPU
		{1F184A86-9FCB-4918-8BEA-BF4BC5BC8EF9}.Debug|Any CPU.Build.0 = Debug|Any CPU
		{1F184A86-9FCB-4918-8BEA-BF4BC5BC8EF9}.Release|Any CPU.ActiveCfg = Release|Any CPU
		{1F184A86-9FCB-4918-8BEA-BF4BC5BC8EF9}.Release|Any CPU.Build.0 = Release|Any CPU
	EndGlobalSection
	GlobalSection(SolutionProperties) = preSolution
		HideSolutionNode = FALSE
	EndGlobalSection
	GlobalSection(ExtensibilityGlobals) = postSolution
		SolutionGuid = {FB1C88B1-A8A0-40FD-9C13-DF92164E01D5}
	EndGlobalSection
EndGlobal
